{
  "version": "5",
  "specifiers": {
    "npm:@types/react@^19.2.14": "19.2.14",
    "npm:hono@*": "4.12.1",
    "npm:hono@^4.12.1": "4.12.1",
    "npm:react-dom@*": "19.2.4_react@19.2.4",
    "npm:react-dom@^19.2.4": "19.2.4_react@19.2.4",
    "npm:react@*": "19.2.4",
    "npm:react@^19.2.4": "19.2.4",
    "npm:satoru-render@*": "0.0.9_react@19.2.4_react-dom@19.2.4__react@19.2.4",
    "npm:satoru-render@^0.0.9": "0.0.9_react@19.2.4_react-dom@19.2.4__react@19.2.4"
  },
  "npm": {
    "@types/react@19.2.14": {
      "integrity": "sha512-ilcTH/UniCkMdtexkoCN0bI7pMcJDvmQFPvuPvmEaYA/NSfFTAgdUSLAoVjaRJm7+6PvcM+q1zYOwS4wTYMF9w==",
      "dependencies": [
        "csstype"
      ]
    },
    "csstype@3.2.3": {
      "integrity": "sha512-z1HGKcYy2xA8AGQfwrn0PAy+PB7X/GSj3UVJW9qKyn43xWa+gl5nXmU4qqLMRzWVLFC8KusUX8T/0kCiOYpAIQ=="
    },
    "hono@4.12.1": {
      "integrity": "sha512-hi9afu8g0lfJVLolxElAZGANCTTl6bewIdsRNhaywfP9K8BPf++F2z6OLrYGIinUwpRKzbZHMhPwvc0ZEpAwGw=="
    },
    "react-dom@19.2.4_react@19.2.4": {
      "integrity": "sha512-AXJdLo8kgMbimY95O2aKQqsz2iWi9jMgKJhRBAxECE4IFxfcazB2LmzloIoibJI3C12IlY20+KFaLv+71bUJeQ==",
      "dependencies": [
        "react",
        "scheduler"
      ]
    },
    "react@19.2.4": {
      "integrity": "sha512-9nfp2hYpCwOjAN+8TZFGhtWEwgvWHXqESH8qT89AT/lWklpLON22Lc8pEtnpsZz7VmawabSU0gCjnj8aC0euHQ=="
    },
    "satoru-render@0.0.9_react@19.2.4_react-dom@19.2.4__react@19.2.4": {
      "integrity": "sha512-FkuGUKm/1P2yA1mgELbMIt5/XOdQeEgQQbWwkXOLcGqbPZwJiwHN3EXOxfX/bhcHNMg8Pa9xDmlLogDeG5yBTA==",
      "dependencies": [
        "react",
        "react-dom",
        "worker-lib"
      ],
      "optionalPeers": [
        "react",
        "react-dom"
      ],
      "bin": true
    },
    "scheduler@0.27.0": {
      "integrity": "sha512-eNv+WrVbKu1f3vbYJT/xtiF5syA5HPIMtf9IgY/nKg0sWqzAUEvqY/xm7OcZc/qafLx/iO9FgOmeSAp4v5ti/Q=="
    },
    "worker-lib@2.2.0": {
      "integrity": "sha512-femfnzMFgw9Uvj9LUJ1bkIi/3PJavpZNCgq9OGsrcCzxmRp2+RGkq1d+kjsvOxC8JKIAI7K4+laeq8cMWT2AYQ=="
    }
  },
  "workspace": {
    "dependencies": [
      "npm:hono@*",
      "npm:react-dom@*",
      "npm:react@*",
      "npm:satoru-render@*"
    ],
    "packageJson": {
      "dependencies": [
        "npm:@types/react@^19.2.14",
        "npm:hono@^4.12.1",
        "npm:react-dom@^19.2.4",
        "npm:react@^19.2.4",
        "npm:satoru-render@^0.0.9"
      ]
    }
  }
}
